
Microsoft Visual Studio Solution File, Format Version 12.00
# Visual Studio Version 16
VisualStudioVersion = 16.0.31829.152
MinimumVisualStudioVersion = 10.0.40219.1
Project("{FAE04EC0-301F-11D3-BF4B-00C04F79EFBC}") = "kimmilyonerolmakister", "kimmilyonerolmakister\kimmilyonerolmakister.csproj", "{1E76C120-8E28-43C6-A391-4C3C280E50F7}"
EndProject
Global
	GlobalSection(SolutionConfigurationPlatforms) = preSolution
		Debug|Any CPU = Debug|Any CPU
		Release|Any CPU = Release|Any CPU
	EndGlobalSection
	GlobalSection(ProjectConfigurationPlatforms) = postSolution
		{1E76C120-8E28-43C6-A391-4C3C280E50F7}.Debug|Any CPU.ActiveCfg = Debug|Any CPU
		{1E76C120-8E28-43C6-A391-4C3C280E50F7}.Debug|Any CPU.Build.0 = Debug|Any CPU
		{1E76C120-8E28-43C6-A391-4C3C280E50F7}.Release|Any CPU.ActiveCfg = Release|Any CPU
		{1E76C120-8E28-43C6-A391-4C3C280E50F7}.Release|Any CPU.Build.0 = Release|Any CPU
	EndGlobalSection
	GlobalSection(SolutionProperties) = preSolution
		HideSolutionNode = FALSE
	EndGlobalSection
	GlobalSection(ExtensibilityGlobals) = postSolution
		SolutionGuid = {6B2DF9BF-4F5D-4466-B673-014C4E216E72}
	EndGlobalSection
EndGlobal
